
Microsoft Visual Studio Solution File, Format Version 12.00
# Visual Studio Version 17
VisualStudioVersion = 17.4.33205.214
MinimumVisualStudioVersion = 10.0.40219.1
Project("{FAE04EC0-301F-11D3-BF4B-00C04F79EFBC}") = "DoAnMonPhanTichPhanMem", "DoAnMonPhanTichPhanMem\DoAnMonPhanTichPhanMem.csproj", "{1C040900-263A-4EC6-9F54-23A7B8A7BC9E}"
EndProject
Global
	GlobalSection(SolutionConfigurationPlatforms) = preSolution
		Debug|Any CPU = Debug|Any CPU
		Release|Any CPU = Release|Any CPU
	EndGlobalSection
	GlobalSection(ProjectConfigurationPlatforms) = postSolution
		{1C040900-263A-4EC6-9F54-23A7B8A7BC9E}.Debug|Any CPU.ActiveCfg = Debug|Any CPU
		{1C040900-263A-4EC6-9F54-23A7B8A7BC9E}.Debug|Any CPU.Build.0 = Debug|Any CPU
		{1C040900-263A-4EC6-9F54-23A7B8A7BC9E}.Release|Any CPU.ActiveCfg = Release|Any CPU
		{1C040900-263A-4EC6-9F54-23A7B8A7BC9E}.Release|Any CPU.Build.0 = Release|Any CPU
	EndGlobalSection
	GlobalSection(SolutionProperties) = preSolution
		HideSolutionNode = FALSE
	EndGlobalSection
	GlobalSection(ExtensibilityGlobals) = postSolution
		SolutionGuid = {5BC244C7-FBC1-41CC-AF79-4D8D11533B23}
	EndGlobalSection
EndGlobal
